<Solution>
  <Project Path="ConsoleApp/ConsoleApp.csproj" />
  <Project Path="MemoryPool.Lib.Tests/MemoryPool.Lib.Tests.csproj" Id="5cfa22b1-2ea3-4252-a496-fc33c1359171" />
  <Project Path="MemoryPool.Lib/MemoryPool.Lib.csproj" Id="bd24855b-a6e0-4204-bdf1-1f9a7341f26c" />
  <Project Path="OrderBook.L3.Benchmarks/OrderBook.L3.Benchmarks.csproj" Id="2d3d310f-5d1f-49fa-a837-142555b274fe" />
  <Project Path="OrderBook.L3.PerfView/OrderBook.L3.PerfView.csproj" Id="a8f91e7d-fd25-440c-b4fe-97feef962426" />
  <Project Path="OrderBook.L3/OrderBook.L3.csproj" Id="401ce918-5dfa-4be2-9321-770e2d44fd4b" />
</Solution>
